// !$*UTF8*$!
{
	archiveVersion = 1;
	classes = {
	};
	objectVersion = 46;
	objects = {

/* Begin PBXBuildFile section */
		D723287E1A783935000B56B5 /* main.m in Sources */ = {isa = PBXBuildFile; fileRef = D723287D1A783935000B56B5 /* main.m */; };
		D72328811A783935000B56B5 /* AppDelegate.m in Sources */ = {isa = PBXBuildFile; fileRef = D72328801A783935000B56B5 /* AppDelegate.m */; };
		D72328841A783935000B56B5 /* ViewController.m in Sources */ = {isa = PBXBuildFile; fileRef = D72328831A783935000B56B5 /* ViewController.m */; };
		D72328871A783935000B56B5 /* Main.storyboard in Resources */ = {isa = PBXBuildFile; fileRef = D72328851A783935000B56B5 /* Main.storyboard */; };
		D72328891A783935000B56B5 /* Images.xcassets in Resources */ = {isa = PBXBuildFile; fileRef = D72328881A783935000B56B5 /* Images.xcassets */; };
		D723288C1A783935000B56B5 /* LaunchScreen.xib in Resources */ = {isa = PBXBuildFile; fileRef = D723288A1A783935000B56B5 /* LaunchScreen.xib */; };
		D72328981A783935000B56B5 /* KeyChainFlowTests.m in Sources */ = {isa = PBXBuildFile; fileRef = D72328971A783935000B56B5 /* KeyChainFlowTests.m */; };
		D72328FB1A783975000B56B5 /* FXKeychain.m in Sources */ = {isa = PBXBuildFile; fileRef = D72328DE1A783975000B56B5 /* FXKeychain.m */; };
		D72328FC1A783975000B56B5 /* FXKeychain.podspec.json in Resources */ = {isa = PBXBuildFile; fileRef = D72328DF1A783975000B56B5 /* FXKeychain.podspec.json */; };
		D72328FD1A783975000B56B5 /* LICENCE.md in Sources */ = {isa = PBXBuildFile; fileRef = D72328E01A783975000B56B5 /* LICENCE.md */; };
		D72328FE1A783975000B56B5 /* README.md in Sources */ = {isa = PBXBuildFile; fileRef = D72328E11A783975000B56B5 /* README.md */; };
/* End PBXBuildFile section */

/* Begin PBXContainerItemProxy section */
		D72328921A783935000B56B5 /* PBXContainerItemProxy */ = {
			isa = PBXContainerItemProxy;
			containerPortal = D72328701A783935000B56B5 /* Project object */;
			proxyType = 1;
			remoteGlobalIDString = D72328771A783935000B56B5;
			remoteInfo = KeyChainFlow;
		};
/* End PBXContainerItemProxy section */

/* Begin PBXFileReference section */
		D72328781A783935000B56B5 /* KeyChainFlow.app */ = {isa = PBXFileReference; explicitFileType = wrapper.application; includeInIndex = 0; path = KeyChainFlow.app; sourceTree = BUILT_PRODUCTS_DIR; };
		D723287C1A783935000B56B5 /* Info.plist */ = {isa = PBXFileReference; lastKnownFileType = text.plist.xml; path = Info.plist; sourceTree = "<group>"; };
		D723287D1A783935000B56B5 /* main.m */ = {isa = PBXFileReference; lastKnownFileType = sourcecode.c.objc; path = main.m; sourceTree = "<group>"; };
		D723287F1A783935000B56B5 /* AppDelegate.h */ = {isa = PBXFileReference; lastKnownFileType = sourcecode.c.h; path = AppDelegate.h; sourceTree = "<group>"; };
		D72328801A783935000B56B5 /* AppDelegate.m */ = {isa = PBXFileReference; lastKnownFileType = sourcecode.c.objc; path = AppDelegate.m; sourceTree = "<group>"; };
		D72328821A783935000B56B5 /* ViewController.h */ = {isa = PBXFileReference; lastKnownFileType = sourcecode.c.h; path = ViewController.h; sourceTree = "<group>"; };
		D72328831A783935000B56B5 /* ViewController.m */ = {isa = PBXFileReference; lastKnownFileType = sourcecode.c.objc; path = ViewController.m; sourceTree = "<group>"; };
		D72328861A783935000B56B5 /* Base */ = {isa = PBXFileReference; lastKnownFileType = file.storyboard; name = Base; path = Base.lproj/Main.storyboard; sourceTree = "<group>"; };
		D72328881A783935000B56B5 /* Images.xcassets */ = {isa = PBXFileReference; lastKnownFileType = folder.assetcatalog; path = Images.xcassets; sourceTree = "<group>"; };
		D723288B1A783935000B56B5 /* Base */ = {isa = PBXFileReference; lastKnownFileType = file.xib; name = Base; path = Base.lproj/LaunchScreen.xib; sourceTree = "<group>"; };
		D72328911A783935000B56B5 /* KeyChainFlowTests.xctest */ = {isa = PBXFileReference; explicitFileType = wrapper.cfbundle; includeInIndex = 0; path = KeyChainFlowTests.xctest; sourceTree = BUILT_PRODUCTS_DIR; };
		D72328961A783935000B56B5 /* Info.plist */ = {isa = PBXFileReference; lastKnownFileType = text.plist.xml; path = Info.plist; sourceTree = "<group>"; };
		D72328971A783935000B56B5 /* KeyChainFlowTests.m */ = {isa = PBXFileReference; lastKnownFileType = sourcecode.c.objc; path = KeyChainFlowTests.m; sourceTree = "<group>"; };
		D72328DD1A783975000B56B5 /* FXKeychain.h */ = {isa = PBXFileReference; fileEncoding = 4; lastKnownFileType = sourcecode.c.h; path = FXKeychain.h; sourceTree = "<group>"; };
		D72328DE1A783975000B56B5 /* FXKeychain.m */ = {isa = PBXFileReference; fileEncoding = 4; lastKnownFileType = sourcecode.c.objc; path = FXKeychain.m; sourceTree = "<group>"; };
		D72328DF1A783975000B56B5 /* FXKeychain.podspec.json */ = {isa = PBXFileReference; fileEncoding = 4; lastKnownFileType = text.json; path = FXKeychain.podspec.json; sourceTree = "<group>"; };
		D72328E01A783975000B56B5 /* LICENCE.md */ = {isa = PBXFileReference; fileEncoding = 4; lastKnownFileType = net.daringfireball.markdown; path = LICENCE.md; sourceTree = "<group>"; };
		D72328E11A783975000B56B5 /* README.md */ = {isa = PBXFileReference; fileEncoding = 4; lastKnownFileType = net.daringfireball.markdown; path = README.md; sourceTree = "<group>"; };
/* End PBXFileReference section */

/* Begin PBXFrameworksBuildPhase section */
		D72328751A783935000B56B5 /* Frameworks */ = {
			isa = PBXFrameworksBuildPhase;
			buildActionMask = 2147483647;
			files = (
			);
			runOnlyForDeploymentPostprocessing = 0;
		};
		D723288E1A783935000B56B5 /* Frameworks */ = {
			isa = PBXFrameworksBuildPhase;
			buildActionMask = 2147483647;
			files = (
			);
			runOnlyForDeploymentPostprocessing = 0;
		};
/* End PBXFrameworksBuildPhase section */

/* Begin PBXGroup section */
		D723286F1A783935000B56B5 = {
			isa = PBXGroup;
			children = (
				D723287A1A783935000B56B5 /* KeyChainFlow */,
				D72328941A783935000B56B5 /* KeyChainFlowTests */,
				D72328791A783935000B56B5 /* Products */,
			);
			sourceTree = "<group>";
		};
		D72328791A783935000B56B5 /* Products */ = {
			isa = PBXGroup;
			children = (
				D72328781A783935000B56B5 /* KeyChainFlow.app */,
				D72328911A783935000B56B5 /* KeyChainFlowTests.xctest */,
			);
			name = Products;
			sourceTree = "<group>";
		};
		D723287A1A783935000B56B5 /* KeyChainFlow */ = {
			isa = PBXGroup;
			children = (
				D723287F1A783935000B56B5 /* AppDelegate.h */,
				D72328801A783935000B56B5 /* AppDelegate.m */,
				D72328821A783935000B56B5 /* ViewController.h */,
				D72328831A783935000B56B5 /* ViewController.m */,
				D72328851A783935000B56B5 /* Main.storyboard */,
				D72328881A783935000B56B5 /* Images.xcassets */,
				D723288A1A783935000B56B5 /* LaunchScreen.xib */,
				D72328A11A78393D000B56B5 /* vendor */,
				D723287B1A783935000B56B5 /* Supporting Files */,
			);
			path = KeyChainFlow;
			sourceTree = "<group>";
		};
		D723287B1A783935000B56B5 /* Supporting Files */ = {
			isa = PBXGroup;
			children = (
				D723287C1A783935000B56B5 /* Info.plist */,
				D723287D1A783935000B56B5 /* main.m */,
			);
			name = "Supporting Files";
			sourceTree = "<group>";
		};
		D72328941A783935000B56B5 /* KeyChainFlowTests */ = {
			isa = PBXGroup;
			children = (
				D72328971A783935000B56B5 /* KeyChainFlowTests.m */,
				D72328951A783935000B56B5 /* Supporting Files */,
			);
			path = KeyChainFlowTests;
			sourceTree = "<group>";
		};
		D72328951A783935000B56B5 /* Supporting Files */ = {
			isa = PBXGroup;
			children = (
				D72328961A783935000B56B5 /* Info.plist */,
			);
			name = "Supporting Files";
			sourceTree = "<group>";
		};
		D72328A11A78393D000B56B5 /* vendor */ = {
			isa = PBXGroup;
			children = (
				D72328A21A783975000B56B5 /* FXKeychain */,
			);
			path = vendor;
			sourceTree = "<group>";
		};
		D72328A21A783975000B56B5 /* FXKeychain */ = {
			isa = PBXGroup;
			children = (
				D72328DC1A783975000B56B5 /* FXKeychain */,
				D72328DF1A783975000B56B5 /* FXKeychain.podspec.json */,
				D72328E01A783975000B56B5 /* LICENCE.md */,
				D72328E11A783975000B56B5 /* README.md */,
			);
			path = FXKeychain;
			sourceTree = "<group>";
		};
		D72328DC1A783975000B56B5 /* FXKeychain */ = {
			isa = PBXGroup;
			children = (
				D72328DD1A783975000B56B5 /* FXKeychain.h */,
				D72328DE1A783975000B56B5 /* FXKeychain.m */,
			);
			path = FXKeychain;
			sourceTree = "<group>";
		};
/* End PBXGroup section */

/* Begin PBXNativeTarget section */
		D72328771A783935000B56B5 /* KeyChainFlow */ = {
			isa = PBXNativeTarget;
			buildConfigurationList = D723289B1A783935000B56B5 /* Build configuration list for PBXNativeTarget "KeyChainFlow" */;
			buildPhases = (
				D72328741A783935000B56B5 /* Sources */,
				D72328751A783935000B56B5 /* Frameworks */,
				D72328761A783935000B56B5 /* Resources */,
			);
			buildRules = (
			);
			dependencies = (
			);
			name = KeyChainFlow;
			productName = KeyChainFlow;
			productReference = D72328781A783935000B56B5 /* KeyChainFlow.app */;
			productType = "com.apple.product-type.application";
		};
		D72328901A783935000B56B5 /* KeyChainFlowTests */ = {
			isa = PBXNativeTarget;
			buildConfigurationList = D723289E1A783935000B56B5 /* Build configuration list for PBXNativeTarget "KeyChainFlowTests" */;
			buildPhases = (
				D723288D1A783935000B56B5 /* Sources */,
				D723288E1A783935000B56B5 /* Frameworks */,
				D723288F1A783935000B56B5 /* Resources */,
			);
			buildRules = (
			);
			dependencies = (
				D72328931A783935000B56B5 /* PBXTargetDependency */,
			);
			name = KeyChainFlowTests;
			productName = KeyChainFlowTests;
			productReference = D72328911A783935000B56B5 /* KeyChainFlowTests.xctest */;
			productType = "com.apple.product-type.bundle.unit-test";
		};
/* End PBXNativeTarget section */

/* Begin PBXProject section */
		D72328701A783935000B56B5 /* Project object */ = {
			isa = PBXProject;
			attributes = {
				LastUpgradeCheck = 0610;
				ORGANIZATIONNAME = Tapo;
				TargetAttributes = {
					D72328771A783935000B56B5 = {
						CreatedOnToolsVersion = 6.1.1;
						DevelopmentTeam = 8CBN6LPGUU;
					};
					D72328901A783935000B56B5 = {
						CreatedOnToolsVersion = 6.1.1;
						TestTargetID = D72328771A783935000B56B5;
					};
				};
			};
			buildConfigurationList = D72328731A783935000B56B5 /* Build configuration list for PBXProject "KeyChainFlow" */;
			compatibilityVersion = "Xcode 3.2";
			developmentRegion = English;
			hasScannedForEncodings = 0;
			knownRegions = (
				en,
				Base,
			);
			mainGroup = D723286F1A783935000B56B5;
			productRefGroup = D72328791A783935000B56B5 /* Products */;
			projectDirPath = "";
			projectRoot = "";
			targets = (
				D72328771A783935000B56B5 /* KeyChainFlow */,
				D72328901A783935000B56B5 /* KeyChainFlowTests */,
			);
		};
/* End PBXProject section */

/* Begin PBXResourcesBuildPhase section */
		D72328761A783935000B56B5 /* Resources */ = {
			isa = PBXResourcesBuildPhase;
			buildActionMask = 2147483647;
			files = (
				D72328FC1A783975000B56B5 /* FXKeychain.podspec.json in Resources */,
				D72328871A783935000B56B5 /* Main.storyboard in Resources */,
				D723288C1A783935000B56B5 /* LaunchScreen.xib in Resources */,
				D72328891A783935000B56B5 /* Images.xcassets in Resources */,
			);
			runOnlyForDeploymentPostprocessing = 0;
		};
		D723288F1A783935000B56B5 /* Resources */ = {
			isa = PBXResourcesBuildPhase;
			buildActionMask = 2147483647;
			files = (
			);
			runOnlyForDeploymentPostprocessing = 0;
		};
/* End PBXResourcesBuildPhase section */

/* Begin PBXSourcesBuildPhase section */
		D72328741A783935000B56B5 /* Sources */ = {
			isa = PBXSourcesBuildPhase;
			buildActionMask = 2147483647;
			files = (
				D72328841A783935000B56B5 /* ViewController.m in Sources */,
				D72328FB1A783975000B56B5 /* FXKeychain.m in Sources */,
				D72328FD1A783975000B56B5 /* LICENCE.md in Sources */,
				D72328811A783935000B56B5 /* AppDelegate.m in Sources */,
				D723287E1A783935000B56B5 /* main.m in Sources */,
				D72328FE1A783975000B56B5 /* README.md in Sources */,
			);
			runOnlyForDeploymentPostprocessing = 0;
		};
		D723288D1A783935000B56B5 /* Sources */ = {
			isa = PBXSourcesBuildPhase;
			buildActionMask = 2147483647;
			files = (
				D72328981A783935000B56B5 /* KeyChainFlowTests.m in Sources */,
			);
			runOnlyForDeploymentPostprocessing = 0;
		};
/* End PBXSourcesBuildPhase section */

/* Begin PBXTargetDependency section */
		D72328931A783935000B56B5 /* PBXTargetDependency */ = {
			isa = PBXTargetDependency;
			target = D72328771A783935000B56B5 /* KeyChainFlow */;
			targetProxy = D72328921A783935000B56B5 /* PBXContainerItemProxy */;
		};
/* End PBXTargetDependency section */

/* Begin PBXVariantGroup section */
		D72328851A783935000B56B5 /* Main.storyboard */ = {
			isa = PBXVariantGroup;
			children = (
				D72328861A783935000B56B5 /* Base */,
			);
			name = Main.storyboard;
			sourceTree = "<group>";
		};
		D723288A1A783935000B56B5 /* LaunchScreen.xib */ = {
			isa = PBXVariantGroup;
			children = (
				D723288B1A783935000B56B5 /* Base */,
			);
			name = LaunchScreen.xib;
			sourceTree = "<group>";
		};
/* End PBXVariantGroup section */

/* Begin XCBuildConfiguration section */
		D72328991A783935000B56B5 /* Debug */ = {
			isa = XCBuildConfiguration;
			buildSettings = {
				ALWAYS_SEARCH_USER_PATHS = NO;
				CLANG_CXX_LANGUAGE_STANDARD = "gnu++0x";
				CLANG_CXX_LIBRARY = "libc++";
				CLANG_ENABLE_MODULES = YES;
				CLANG_ENABLE_OBJC_ARC = YES;
				CLANG_WARN_BOOL_CONVERSION = YES;
				CLANG_WARN_CONSTANT_CONVERSION = YES;
				CLANG_WARN_DIRECT_OBJC_ISA_USAGE = YES_ERROR;
				CLANG_WARN_EMPTY_BODY = YES;
				CLANG_WARN_ENUM_CONVERSION = YES;
				CLANG_WARN_INT_CONVERSION = YES;
				CLANG_WARN_OBJC_ROOT_CLASS = YES_ERROR;
				CLANG_WARN_UNREACHABLE_CODE = YES;
				CLANG_WARN__DUPLICATE_METHOD_MATCH = YES;
				"CODE_SIGN_IDENTITY[sdk=iphoneos*]" = "iPhone Developer";
				COPY_PHASE_STRIP = NO;
				ENABLE_STRICT_OBJC_MSGSEND = YES;
				GCC_C_LANGUAGE_STANDARD = gnu99;
				GCC_DYNAMIC_NO_PIC = NO;
				GCC_OPTIMIZATION_LEVEL = 0;
				GCC_PREPROCESSOR_DEFINITIONS = (
					"DEBUG=1",
					"$(inherited)",
				);
				GCC_SYMBOLS_PRIVATE_EXTERN = NO;
				GCC_WARN_64_TO_32_BIT_CONVERSION = YES;
				GCC_WARN_ABOUT_RETURN_TYPE = YES_ERROR;
				GCC_WARN_UNDECLARED_SELECTOR = YES;
				GCC_WARN_UNINITIALIZED_AUTOS = YES_AGGRESSIVE;
				GCC_WARN_UNUSED_FUNCTION = YES;
				GCC_WARN_UNUSED_VARIABLE = YES;
				IPHONEOS_DEPLOYMENT_TARGET = 8.1;
				MTL_ENABLE_DEBUG_INFO = YES;
				ONLY_ACTIVE_ARCH = YES;
				SDKROOT = iphoneos;
				TARGETED_DEVICE_FAMILY = "1,2";
			};
			name = Debug;
		};
		D723289A1A783935000B56B5 /* Release */ = {
			isa = XCBuildConfiguration;
			buildSettings = {
				ALWAYS_SEARCH_USER_PATHS = NO;
				CLANG_CXX_LANGUAGE_STANDARD = "gnu++0x";
				CLANG_CXX_LIBRARY = "libc++";
				CLANG_ENABLE_MODULES = YES;
				CLANG_ENABLE_OBJC_ARC = YES;
				CLANG_WARN_BOOL_CONVERSION = YES;
				CLANG_WARN_CONSTANT_CONVERSION = YES;
				CLANG_WARN_DIRECT_OBJC_ISA_USAGE = YES_ERROR;
				CLANG_WARN_EMPTY_BODY = YES;
				CLANG_WARN_ENUM_CONVERSION = YES;
				CLANG_WARN_INT_CONVERSION = YES;
				CLANG_WARN_OBJC_ROOT_CLASS = YES_ERROR;
				CLANG_WARN_UNREACHABLE_CODE = YES;
				CLANG_WARN__DUPLICATE_METHOD_MATCH = YES;
				"CODE_SIGN_IDENTITY[sdk=iphoneos*]" = "iPhone Developer";
				COPY_PHASE_STRIP = YES;
				ENABLE_NS_ASSERTIONS = NO;
				ENABLE_STRICT_OBJC_MSGSEND = YES;
				GCC_C_LANGUAGE_STANDARD = gnu99;
				GCC_WARN_64_TO_32_BIT_CONVERSION = YES;
				GCC_WARN_ABOUT_RETURN_TYPE = YES_ERROR;
				GCC_WARN_UNDECLARED_SELECTOR = YES;
				GCC_WARN_UNINITIALIZED_AUTOS = YES_AGGRESSIVE;
				GCC_WARN_UNUSED_FUNCTION = YES;
				GCC_WARN_UNUSED_VARIABLE = YES;
				IPHONEOS_DEPLOYMENT_TARGET = 8.1;
				MTL_ENABLE_DEBUG_INFO = NO;
				SDKROOT = iphoneos;
				TARGETED_DEVICE_FAMILY = "1,2";
				VALIDATE_PRODUCT = YES;
			};
			name = Release;
		};
		D723289C1A783935000B56B5 /* Debug */ = {
			isa = XCBuildConfiguration;
			buildSettings = {
				ASSETCATALOG_COMPILER_APPICON_NAME = AppIcon;
				CODE_SIGN_IDENTITY = "iPhone Developer";
				"CODE_SIGN_IDENTITY[sdk=iphoneos*]" = "iPhone Developer";
				INFOPLIST_FILE = KeyChainFlow/Info.plist;
				LD_RUNPATH_SEARCH_PATHS = "$(inherited) @executable_path/Frameworks";
				PRODUCT_NAME = "$(TARGET_NAME)";
				PROVISIONING_PROFILE = "";
			};
			name = Debug;
		};
		D723289D1A783935000B56B5 /* Release */ = {
			isa = XCBuildConfiguration;
			buildSettings = {
				ASSETCATALOG_COMPILER_APPICON_NAME = AppIcon;
				CODE_SIGN_IDENTITY = "iPhone Developer";
				"CODE_SIGN_IDENTITY[sdk=iphoneos*]" = "iPhone Developer";
				INFOPLIST_FILE = KeyChainFlow/Info.plist;
				LD_RUNPATH_SEARCH_PATHS = "$(inherited) @executable_path/Frameworks";
				PRODUCT_NAME = "$(TARGET_NAME)";
				PROVISIONING_PROFILE = "";
			};
			name = Release;
		};
		D723289F1A783935000B56B5 /* Debug */ = {
			isa = XCBuildConfiguration;
			buildSettings = {
				BUNDLE_LOADER = "$(TEST_HOST)";
				FRAMEWORK_SEARCH_PATHS = (
					"$(SDKROOT)/Developer/Library/Frameworks",
					"$(inherited)",
				);
				GCC_PREPROCESSOR_DEFINITIONS = (
					"DEBUG=1",
					"$(inherited)",
				);
				INFOPLIST_FILE = KeyChainFlowTests/Info.plist;
				LD_RUNPATH_SEARCH_PATHS = "$(inherited) @executable_path/Frameworks @loader_path/Frameworks";
				PRODUCT_NAME = "$(TARGET_NAME)";
				TEST_HOST = "$(BUILT_PRODUCTS_DIR)/KeyChainFlow.app/KeyChainFlow";
			};
			name = Debug;
		};
		D72328A01A783935000B56B5 /* Release */ = {
			isa = XCBuildConfiguration;
			buildSettings = {
				BUNDLE_LOADER = "$(TEST_HOST)";
				FRAMEWORK_SEARCH_PATHS = (
					"$(SDKROOT)/Developer/Library/Frameworks",
					"$(inherited)",
				);
				INFOPLIST_FILE = KeyChainFlowTests/Info.plist;
				LD_RUNPATH_SEARCH_PATHS = "$(inherited) @executable_path/Frameworks @loader_path/Frameworks";
				PRODUCT_NAME = "$(TARGET_NAME)";
				TEST_HOST = "$(BUILT_PRODUCTS_DIR)/KeyChainFlow.app/KeyChainFlow";
			};
			name = Release;
		};
/* End XCBuildConfiguration section */

/* Begin XCConfigurationList section */
		D72328731A783935000B56B5 /* Build configuration list for PBXProject "KeyChainFlow" */ = {
			isa = XCConfigurationList;
			buildConfigurations = (
				D72328991A783935000B56B5 /* Debug */,
				D723289A1A783935000B56B5 /* Release */,
			);
			defaultConfigurationIsVisible = 0;
			defaultConfigurationName = Release;
		};
		D723289B1A783935000B56B5 /* Build configuration list for PBXNativeTarget "KeyChainFlow" */ = {
			isa = XCConfigurationList;
			buildConfigurations = (
				D723289C1A783935000B56B5 /* Debug */,
				D723289D1A783935000B56B5 /* Release */,
			);
			defaultConfigurationIsVisible = 0;
		};
		D723289E1A783935000B56B5 /* Build configuration list for PBXNativeTarget "KeyChainFlowTests" */ = {
			isa = XCConfigurationList;
			buildConfigurations = (
				D723289F1A783935000B56B5 /* Debug */,
				D72328A01A783935000B56B5 /* Release */,
			);
			defaultConfigurationIsVisible = 0;
		};
/* End XCConfigurationList section */
	};
	rootObject = D72328701A783935000B56B5 /* Project object */;
}
